// !$*UTF8*$!
{
	archiveVersion = 1;
	classes = {
	};
	objectVersion = 50;
	objects = {

/* Begin PBXBuildFile section */
		25F255BE2D690AE488A14FE3 /* Pods_WebViewTest.framework in Frameworks */ = {isa = PBXBuildFile; fileRef = 6B91E7D4BECB4DEA00ADB34D /* Pods_WebViewTest.framework */; };
		C3DE914E21E11BD90046DAC1 /* AppDelegate.swift in Sources */ = {isa = PBXBuildFile; fileRef = C3DE914D21E11BD90046DAC1 /* AppDelegate.swift */; };
		C3DE915021E11BD90046DAC1 /* ViewController.swift in Sources */ = {isa = PBXBuildFile; fileRef = C3DE914F21E11BD90046DAC1 /* ViewController.swift */; };
		C3DE915321E11BD90046DAC1 /* Main.storyboard in Resources */ = {isa = PBXBuildFile; fileRef = C3DE915121E11BD90046DAC1 /* Main.storyboard */; };
		C3DE915521E11BDB0046DAC1 /* Assets.xcassets in Resources */ = {isa = PBXBuildFile; fileRef = C3DE915421E11BDB0046DAC1 /* Assets.xcassets */; };
		C3DE915821E11BDB0046DAC1 /* LaunchScreen.storyboard in Resources */ = {isa = PBXBuildFile; fileRef = C3DE915621E11BDB0046DAC1 /* LaunchScreen.storyboard */; };
		C3DE92C521E2011C0046DAC1 /* README.md in Resources */ = {isa = PBXBuildFile; fileRef = C3DE92C421E2011C0046DAC1 /* README.md */; };
/* End PBXBuildFile section */

/* Begin PBXFileReference section */
		60D7A0A12C37EF061DA94F6E /* Pods-WebViewTest.release.xcconfig */ = {isa = PBXFileReference; includeInIndex = 1; lastKnownFileType = text.xcconfig; name = "Pods-WebViewTest.release.xcconfig"; path = "Pods/Target Support Files/Pods-WebViewTest/Pods-WebViewTest.release.xcconfig"; sourceTree = "<group>"; };
		6B91E7D4BECB4DEA00ADB34D /* Pods_WebViewTest.framework */ = {isa = PBXFileReference; explicitFileType = wrapper.framework; includeInIndex = 0; path = Pods_WebViewTest.framework; sourceTree = BUILT_PRODUCTS_DIR; };
		C3DE914A21E11BD90046DAC1 /* WebViewTest.app */ = {isa = PBXFileReference; explicitFileType = wrapper.application; includeInIndex = 0; path = WebViewTest.app; sourceTree = BUILT_PRODUCTS_DIR; };
		C3DE914D21E11BD90046DAC1 /* AppDelegate.swift */ = {isa = PBXFileReference; lastKnownFileType = sourcecode.swift; path = AppDelegate.swift; sourceTree = "<group>"; };
		C3DE914F21E11BD90046DAC1 /* ViewController.swift */ = {isa = PBXFileReference; lastKnownFileType = sourcecode.swift; path = ViewController.swift; sourceTree = "<group>"; };
		C3DE915221E11BD90046DAC1 /* Base */ = {isa = PBXFileReference; lastKnownFileType = file.storyboard; name = Base; path = Base.lproj/Main.storyboard; sourceTree = "<group>"; };
		C3DE915421E11BDB0046DAC1 /* Assets.xcassets */ = {isa = PBXFileReference; lastKnownFileType = folder.assetcatalog; path = Assets.xcassets; sourceTree = "<group>"; };
		C3DE915721E11BDB0046DAC1 /* Base */ = {isa = PBXFileReference; lastKnownFileType = file.storyboard; name = Base; path = Base.lproj/LaunchScreen.storyboard; sourceTree = "<group>"; };
		C3DE915921E11BDB0046DAC1 /* Info.plist */ = {isa = PBXFileReference; lastKnownFileType = text.plist.xml; path = Info.plist; sourceTree = "<group>"; };
		C3DE92C421E2011C0046DAC1 /* README.md */ = {isa = PBXFileReference; fileEncoding = 4; lastKnownFileType = net.daringfireball.markdown; path = README.md; sourceTree = "<group>"; };
		ECC08D9FB0151AD338C758BB /* Pods-WebViewTest.debug.xcconfig */ = {isa = PBXFileReference; includeInIndex = 1; lastKnownFileType = text.xcconfig; name = "Pods-WebViewTest.debug.xcconfig"; path = "Pods/Target Support Files/Pods-WebViewTest/Pods-WebViewTest.debug.xcconfig"; sourceTree = "<group>"; };
/* End PBXFileReference section */

/* Begin PBXFrameworksBuildPhase section */
		C3DE914721E11BD90046DAC1 /* Frameworks */ = {
			isa = PBXFrameworksBuildPhase;
			buildActionMask = 2147483647;
			files = (
				25F255BE2D690AE488A14FE3 /* Pods_WebViewTest.framework in Frameworks */,
			);
			runOnlyForDeploymentPostprocessing = 0;
		};
/* End PBXFrameworksBuildPhase section */

/* Begin PBXGroup section */
		624301C60C33F38F5FD692B8 /* Pods */ = {
			isa = PBXGroup;
			children = (
				ECC08D9FB0151AD338C758BB /* Pods-WebViewTest.debug.xcconfig */,
				60D7A0A12C37EF061DA94F6E /* Pods-WebViewTest.release.xcconfig */,
			);
			name = Pods;
			sourceTree = "<group>";
		};
		C3DE914121E11BD90046DAC1 = {
			isa = PBXGroup;
			children = (
				C3DE92C421E2011C0046DAC1 /* README.md */,
				C3DE914C21E11BD90046DAC1 /* WebViewTest */,
				C3DE914B21E11BD90046DAC1 /* Products */,
				624301C60C33F38F5FD692B8 /* Pods */,
				EBA2413CC2BE8F24DB21CD91 /* Frameworks */,
			);
			sourceTree = "<group>";
		};
		C3DE914B21E11BD90046DAC1 /* Products */ = {
			isa = PBXGroup;
			children = (
				C3DE914A21E11BD90046DAC1 /* WebViewTest.app */,
			);
			name = Products;
			sourceTree = "<group>";
		};
		C3DE914C21E11BD90046DAC1 /* WebViewTest */ = {
			isa = PBXGroup;
			children = (
				C3DE914D21E11BD90046DAC1 /* AppDelegate.swift */,
				C3DE914F21E11BD90046DAC1 /* ViewController.swift */,
				C3DE915121E11BD90046DAC1 /* Main.storyboard */,
				C3DE915421E11BDB0046DAC1 /* Assets.xcassets */,
				C3DE915621E11BDB0046DAC1 /* LaunchScreen.storyboard */,
				C3DE915921E11BDB0046DAC1 /* Info.plist */,
			);
			path = WebViewTest;
			sourceTree = "<group>";
		};
		EBA2413CC2BE8F24DB21CD91 /* Frameworks */ = {
			isa = PBXGroup;
			children = (
				6B91E7D4BECB4DEA00ADB34D /* Pods_WebViewTest.framework */,
			);
			name = Frameworks;
			sourceTree = "<group>";
		};
/* End PBXGroup section */

/* Begin PBXNativeTarget section */
		C3DE914921E11BD90046DAC1 /* WebViewTest */ = {
			isa = PBXNativeTarget;
			buildConfigurationList = C3DE915C21E11BDB0046DAC1 /* Build configuration list for PBXNativeTarget "WebViewTest" */;
			buildPhases = (
				D2DC7B3261BEFF2598B5C79E /* [CP] Check Pods Manifest.lock */,
				C3DE914621E11BD90046DAC1 /* Sources */,
				C3DE914721E11BD90046DAC1 /* Frameworks */,
				C3DE914821E11BD90046DAC1 /* Resources */,
				1FB87851CE66ADFC486CA59E /* [CP] Embed Pods Frameworks */,
			);
			buildRules = (
			);
			dependencies = (
			);
			name = WebViewTest;
			productName = WebViewTest;
			productReference = C3DE914A21E11BD90046DAC1 /* WebViewTest.app */;
			productType = "com.apple.product-type.application";
		};
/* End PBXNativeTarget section */

/* Begin PBXProject section */
		C3DE914221E11BD90046DAC1 /* Project object */ = {
			isa = PBXProject;
			attributes = {
				LastSwiftUpdateCheck = 0940;
				LastUpgradeCheck = 0940;
				ORGANIZATIONNAME = Raymund;
				TargetAttributes = {
					C3DE914921E11BD90046DAC1 = {
						CreatedOnToolsVersion = 9.4.1;
					};
				};
			};
			buildConfigurationList = C3DE914521E11BD90046DAC1 /* Build configuration list for PBXProject "WebViewTest" */;
			compatibilityVersion = "Xcode 9.3";
			developmentRegion = en;
			hasScannedForEncodings = 0;
			knownRegions = (
				en,
				Base,
			);
			mainGroup = C3DE914121E11BD90046DAC1;
			productRefGroup = C3DE914B21E11BD90046DAC1 /* Products */;
			projectDirPath = "";
			projectRoot = "";
			targets = (
				C3DE914921E11BD90046DAC1 /* WebViewTest */,
			);
		};
/* End PBXProject section */

/* Begin PBXResourcesBuildPhase section */
		C3DE914821E11BD90046DAC1 /* Resources */ = {
			isa = PBXResourcesBuildPhase;
			buildActionMask = 2147483647;
			files = (
				C3DE92C521E2011C0046DAC1 /* README.md in Resources */,
				C3DE915821E11BDB0046DAC1 /* LaunchScreen.storyboard in Resources */,
				C3DE915521E11BDB0046DAC1 /* Assets.xcassets in Resources */,
				C3DE915321E11BD90046DAC1 /* Main.storyboard in Resources */,
			);
			runOnlyForDeploymentPostprocessing = 0;
		};
/* End PBXResourcesBuildPhase section */

/* Begin PBXShellScriptBuildPhase section */
		1FB87851CE66ADFC486CA59E /* [CP] Embed Pods Frameworks */ = {
			isa = PBXShellScriptBuildPhase;
			buildActionMask = 2147483647;
			files = (
			);
			inputPaths = (
				"${SRCROOT}/Pods/Target Support Files/Pods-WebViewTest/Pods-WebViewTest-frameworks.sh",
				"${BUILT_PRODUCTS_DIR}/Alamofire/Alamofire.framework",
				"${BUILT_PRODUCTS_DIR}/Zip/Zip.framework",
			);
			name = "[CP] Embed Pods Frameworks";
			outputPaths = (
				"${TARGET_BUILD_DIR}/${FRAMEWORKS_FOLDER_PATH}/Alamofire.framework",
				"${TARGET_BUILD_DIR}/${FRAMEWORKS_FOLDER_PATH}/Zip.framework",
			);
			runOnlyForDeploymentPostprocessing = 0;
			shellPath = /bin/sh;
			shellScript = "\"${SRCROOT}/Pods/Target Support Files/Pods-WebViewTest/Pods-WebViewTest-frameworks.sh\"\n";
			showEnvVarsInLog = 0;
		};
		D2DC7B3261BEFF2598B5C79E /* [CP] Check Pods Manifest.lock */ = {
			isa = PBXShellScriptBuildPhase;
			buildActionMask = 2147483647;
			files = (
			);
			inputPaths = (
				"${PODS_PODFILE_DIR_PATH}/Podfile.lock",
				"${PODS_ROOT}/Manifest.lock",
			);
			name = "[CP] Check Pods Manifest.lock";
			outputPaths = (
				"$(DERIVED_FILE_DIR)/Pods-WebViewTest-checkManifestLockResult.txt",
			);
			runOnlyForDeploymentPostprocessing = 0;
			shellPath = /bin/sh;
			shellScript = "diff \"${PODS_PODFILE_DIR_PATH}/Podfile.lock\" \"${PODS_ROOT}/Manifest.lock\" > /dev/null\nif [ $? != 0 ] ; then\n    # print error to STDERR\n    echo \"error: The sandbox is not in sync with the Podfile.lock. Run 'pod install' or update your CocoaPods installation.\" >&2\n    exit 1\nfi\n# This output is used by Xcode 'outputs' to avoid re-running this script phase.\necho \"SUCCESS\" > \"${SCRIPT_OUTPUT_FILE_0}\"\n";
			showEnvVarsInLog = 0;
		};
/* End PBXShellScriptBuildPhase section */

/* Begin PBXSourcesBuildPhase section */
		C3DE914621E11BD90046DAC1 /* Sources */ = {
			isa = PBXSourcesBuildPhase;
			buildActionMask = 2147483647;
			files = (
				C3DE915021E11BD90046DAC1 /* ViewController.swift in Sources */,
				C3DE914E21E11BD90046DAC1 /* AppDelegate.swift in Sources */,
			);
			runOnlyForDeploymentPostprocessing = 0;
		};
/* End PBXSourcesBuildPhase section */

/* Begin PBXVariantGroup section */
		C3DE915121E11BD90046DAC1 /* Main.storyboard */ = {
			isa = PBXVariantGroup;
			children = (
				C3DE915221E11BD90046DAC1 /* Base */,
			);
			name = Main.storyboard;
			sourceTree = "<group>";
		};
		C3DE915621E11BDB0046DAC1 /* LaunchScreen.storyboard */ = {
			isa = PBXVariantGroup;
			children = (
				C3DE915721E11BDB0046DAC1 /* Base */,
			);
			name = LaunchScreen.storyboard;
			sourceTree = "<group>";
		};
/* End PBXVariantGroup section */

/* Begin XCBuildConfiguration section */
		C3DE915A21E11BDB0046DAC1 /* Debug */ = {
			isa = XCBuildConfiguration;
			buildSettings = {
				ALWAYS_SEARCH_USER_PATHS = NO;
				CLANG_ANALYZER_NONNULL = YES;
				CLANG_ANALYZER_NUMBER_OBJECT_CONVERSION = YES_AGGRESSIVE;
				CLANG_CXX_LANGUAGE_STANDARD = "gnu++14";
				CLANG_CXX_LIBRARY = "libc++";
				CLANG_ENABLE_MODULES = YES;
				CLANG_ENABLE_OBJC_ARC = YES;
				CLANG_ENABLE_OBJC_WEAK = YES;
				CLANG_WARN_BLOCK_CAPTURE_AUTORELEASING = YES;
				CLANG_WARN_BOOL_CONVERSION = YES;
				CLANG_WARN_COMMA = YES;
				CLANG_WARN_CONSTANT_CONVERSION = YES;
				CLANG_WARN_DEPRECATED_OBJC_IMPLEMENTATIONS = YES;
				CLANG_WARN_DIRECT_OBJC_ISA_USAGE = YES_ERROR;
				CLANG_WARN_DOCUMENTATION_COMMENTS = YES;
				CLANG_WARN_EMPTY_BODY = YES;
				CLANG_WARN_ENUM_CONVERSION = YES;
				CLANG_WARN_INFINITE_RECURSION = YES;
				CLANG_WARN_INT_CONVERSION = YES;
				CLANG_WARN_NON_LITERAL_NULL_CONVERSION = YES;
				CLANG_WARN_OBJC_IMPLICIT_RETAIN_SELF = YES;
				CLANG_WARN_OBJC_LITERAL_CONVERSION = YES;
				CLANG_WARN_OBJC_ROOT_CLASS = YES_ERROR;
				CLANG_WARN_RANGE_LOOP_ANALYSIS = YES;
				CLANG_WARN_STRICT_PROTOTYPES = YES;
				CLANG_WARN_SUSPICIOUS_MOVE = YES;
				CLANG_WARN_UNGUARDED_AVAILABILITY = YES_AGGRESSIVE;
				CLANG_WARN_UNREACHABLE_CODE = YES;
				CLANG_WARN__DUPLICATE_METHOD_MATCH = YES;
				CODE_SIGN_IDENTITY = "iPhone Developer";
				COPY_PHASE_STRIP = NO;
				DEBUG_INFORMATION_FORMAT = dwarf;
				ENABLE_STRICT_OBJC_MSGSEND = YES;
				ENABLE_TESTABILITY = YES;
				GCC_C_LANGUAGE_STANDARD = gnu11;
				GCC_DYNAMIC_NO_PIC = NO;
				GCC_NO_COMMON_BLOCKS = YES;
				GCC_OPTIMIZATION_LEVEL = 0;
				GCC_PREPROCESSOR_DEFINITIONS = (
					"DEBUG=1",
					"$(inherited)",
				);
				GCC_WARN_64_TO_32_BIT_CONVERSION = YES;
				GCC_WARN_ABOUT_RETURN_TYPE = YES_ERROR;
				GCC_WARN_UNDECLARED_SELECTOR = YES;
				GCC_WARN_UNINITIALIZED_AUTOS = YES_AGGRESSIVE;
				GCC_WARN_UNUSED_FUNCTION = YES;
				GCC_WARN_UNUSED_VARIABLE = YES;
				IPHONEOS_DEPLOYMENT_TARGET = 11.4;
				MTL_ENABLE_DEBUG_INFO = YES;
				ONLY_ACTIVE_ARCH = YES;
				SDKROOT = iphoneos;
				SWIFT_ACTIVE_COMPILATION_CONDITIONS = DEBUG;
				SWIFT_OPTIMIZATION_LEVEL = "-Onone";
			};
			name = Debug;
		};
		C3DE915B21E11BDB0046DAC1 /* Release */ = {
			isa = XCBuildConfiguration;
			buildSettings = {
				ALWAYS_SEARCH_USER_PATHS = NO;
				CLANG_ANALYZER_NONNULL = YES;
				CLANG_ANALYZER_NUMBER_OBJECT_CONVERSION = YES_AGGRESSIVE;
				CLANG_CXX_LANGUAGE_STANDARD = "gnu++14";
				CLANG_CXX_LIBRARY = "libc++";
				CLANG_ENABLE_MODULES = YES;
				CLANG_ENABLE_OBJC_ARC = YES;
				CLANG_ENABLE_OBJC_WEAK = YES;
				CLANG_WARN_BLOCK_CAPTURE_AUTORELEASING = YES;
				CLANG_WARN_BOOL_CONVERSION = YES;
				CLANG_WARN_COMMA = YES;
				CLANG_WARN_CONSTANT_CONVERSION = YES;
				CLANG_WARN_DEPRECATED_OBJC_IMPLEMENTATIONS = YES;
				CLANG_WARN_DIRECT_OBJC_ISA_USAGE = YES_ERROR;
				CLANG_WARN_DOCUMENTATION_COMMENTS = YES;
				CLANG_WARN_EMPTY_BODY = YES;
				CLANG_WARN_ENUM_CONVERSION = YES;
				CLANG_WARN_INFINITE_RECURSION = YES;
				CLANG_WARN_INT_CONVERSION = YES;
				CLANG_WARN_NON_LITERAL_NULL_CONVERSION = YES;
				CLANG_WARN_OBJC_IMPLICIT_RETAIN_SELF = YES;
				CLANG_WARN_OBJC_LITERAL_CONVERSION = YES;
				CLANG_WARN_OBJC_ROOT_CLASS = YES_ERROR;
				CLANG_WARN_RANGE_LOOP_ANALYSIS = YES;
				CLANG_WARN_STRICT_PROTOTYPES = YES;
				CLANG_WARN_SUSPICIOUS_MOVE = YES;
				CLANG_WARN_UNGUARDED_AVAILABILITY = YES_AGGRESSIVE;
				CLANG_WARN_UNREACHABLE_CODE = YES;
				CLANG_WARN__DUPLICATE_METHOD_MATCH = YES;
				CODE_SIGN_IDENTITY = "iPhone Developer";
				COPY_PHASE_STRIP = NO;
				DEBUG_INFORMATION_FORMAT = "dwarf-with-dsym";
				ENABLE_NS_ASSERTIONS = NO;
				ENABLE_STRICT_OBJC_MSGSEND = YES;
				GCC_C_LANGUAGE_STANDARD = gnu11;
				GCC_NO_COMMON_BLOCKS = YES;
				GCC_WARN_64_TO_32_BIT_CONVERSION = YES;
				GCC_WARN_ABOUT_RETURN_TYPE = YES_ERROR;
				GCC_WARN_UNDECLARED_SELECTOR = YES;
				GCC_WARN_UNINITIALIZED_AUTOS = YES_AGGRESSIVE;
				GCC_WARN_UNUSED_FUNCTION = YES;
				GCC_WARN_UNUSED_VARIABLE = YES;
				IPHONEOS_DEPLOYMENT_TARGET = 11.4;
				MTL_ENABLE_DEBUG_INFO = NO;
				SDKROOT = iphoneos;
				SWIFT_COMPILATION_MODE = wholemodule;
				SWIFT_OPTIMIZATION_LEVEL = "-O";
				VALIDATE_PRODUCT = YES;
			};
			name = Release;
		};
		C3DE915D21E11BDB0046DAC1 /* Debug */ = {
			isa = XCBuildConfiguration;
			baseConfigurationReference = ECC08D9FB0151AD338C758BB /* Pods-WebViewTest.debug.xcconfig */;
			buildSettings = {
				ASSETCATALOG_COMPILER_APPICON_NAME = AppIcon;
				CODE_SIGN_STYLE = Automatic;
				DEVELOPMENT_TEAM = N9UAFEBF33;
				INFOPLIST_FILE = WebViewTest/Info.plist;
				LD_RUNPATH_SEARCH_PATHS = (
					"$(inherited)",
					"@executable_path/Frameworks",
				);
				PRODUCT_BUNDLE_IDENTIFIER = com.example.WebViewTest;
				PRODUCT_NAME = "$(TARGET_NAME)";
				SWIFT_VERSION = 4.0;
				TARGETED_DEVICE_FAMILY = "1,2";
			};
			name = Debug;
		};
		C3DE915E21E11BDB0046DAC1 /* Release */ = {
			isa = XCBuildConfiguration;
			baseConfigurationReference = 60D7A0A12C37EF061DA94F6E /* Pods-WebViewTest.release.xcconfig */;
			buildSettings = {
				ASSETCATALOG_COMPILER_APPICON_NAME = AppIcon;
				CODE_SIGN_STYLE = Automatic;
				DEVELOPMENT_TEAM = N9UAFEBF33;
				INFOPLIST_FILE = WebViewTest/Info.plist;
				LD_RUNPATH_SEARCH_PATHS = (
					"$(inherited)",
					"@executable_path/Frameworks",
				);
				PRODUCT_BUNDLE_IDENTIFIER = com.example.WebViewTest;
				PRODUCT_NAME = "$(TARGET_NAME)";
				SWIFT_VERSION = 4.0;
				TARGETED_DEVICE_FAMILY = "1,2";
			};
			name = Release;
		};
/* End XCBuildConfiguration section */

/* Begin XCConfigurationList section */
		C3DE914521E11BD90046DAC1 /* Build configuration list for PBXProject "WebViewTest" */ = {
			isa = XCConfigurationList;
			buildConfigurations = (
				C3DE915A21E11BDB0046DAC1 /* Debug */,
				C3DE915B21E11BDB0046DAC1 /* Release */,
			);
			defaultConfigurationIsVisible = 0;
			defaultConfigurationName = Release;
		};
		C3DE915C21E11BDB0046DAC1 /* Build configuration list for PBXNativeTarget "WebViewTest" */ = {
			isa = XCConfigurationList;
			buildConfigurations = (
				C3DE915D21E11BDB0046DAC1 /* Debug */,
				C3DE915E21E11BDB0046DAC1 /* Release */,
			);
			defaultConfigurationIsVisible = 0;
			defaultConfigurationName = Release;
		};
/* End XCConfigurationList section */
	};
	rootObject = C3DE914221E11BD90046DAC1 /* Project object */;
}
